
Microsoft Visual Studio Solution File, Format Version 12.00
# Visual Studio Version 17
VisualStudioVersion = 17.0.31912.275
MinimumVisualStudioVersion = 10.0.40219.1
Project("{FAE04EC0-301F-11D3-BF4B-00C04F79EFBC}") = "Pastebin", "Pastebin\Pastebin.csproj", "{FA14A812-1302-4900-B2C7-534F61A61215}"
EndProject
Global
	GlobalSection(SolutionConfigurationPlatforms) = preSolution
		Debug|Any CPU = Debug|Any CPU
		Release|Any CPU = Release|Any CPU
	EndGlobalSection
	GlobalSection(ProjectConfigurationPlatforms) = postSolution
		{FA14A812-1302-4900-B2C7-534F61A61215}.Debug|Any CPU.ActiveCfg = Debug|Any CPU
		{FA14A812-1302-4900-B2C7-534F61A61215}.Debug|Any CPU.Build.0 = Debug|Any CPU
		{FA14A812-1302-4900-B2C7-534F61A61215}.Release|Any CPU.ActiveCfg = Release|Any CPU
		{FA14A812-1302-4900-B2C7-534F61A61215}.Release|Any CPU.Build.0 = Release|Any CPU
	EndGlobalSection
	GlobalSection(SolutionProperties) = preSolution
		HideSolutionNode = FALSE
	EndGlobalSection
	GlobalSection(ExtensibilityGlobals) = postSolution
		SolutionGuid = {383A36A4-8FDF-421A-B454-89EA3507A417}
	EndGlobalSection
EndGlobal
